
Microsoft Visual Studio Solution File, Format Version 12.00
# Visual Studio Version 17
VisualStudioVersion = 17.9.34728.123
MinimumVisualStudioVersion = 10.0.40219.1
Project("{FAE04EC0-301F-11D3-BF4B-00C04F79EFBC}") = "PubSubConsoleApp", "PubSubConsoleApp.csproj", "{AB3A60F7-E484-43F9-8A7A-8C6AF5564276}"
EndProject
Global
	GlobalSection(SolutionConfigurationPlatforms) = preSolution
		Debug|Any CPU = Debug|Any CPU
		Release|Any CPU = Release|Any CPU
	EndGlobalSection
	GlobalSection(ProjectConfigurationPlatforms) = postSolution
		{AB3A60F7-E484-43F9-8A7A-8C6AF5564276}.Debug|Any CPU.ActiveCfg = Debug|Any CPU
		{AB3A60F7-E484-43F9-8A7A-8C6AF5564276}.Debug|Any CPU.Build.0 = Debug|Any CPU
		{AB3A60F7-E484-43F9-8A7A-8C6AF5564276}.Release|Any CPU.ActiveCfg = Release|Any CPU
		{AB3A60F7-E484-43F9-8A7A-8C6AF5564276}.Release|Any CPU.Build.0 = Release|Any CPU
	EndGlobalSection
	GlobalSection(SolutionProperties) = preSolution
		HideSolutionNode = FALSE
	EndGlobalSection
	GlobalSection(ExtensibilityGlobals) = postSolution
		SolutionGuid = {7EFAAF4C-4974-4B81-BF93-34B95B301136}
	EndGlobalSection
EndGlobal
